
Microsoft Visual Studio Solution File, Format Version 12.00
# Visual Studio 15
VisualStudioVersion = 15.0.27703.2000
MinimumVisualStudioVersion = 10.0.40219.1
Project("{2150E333-8FDC-42A3-9474-1A3956D46DE8}") = "src", "src", "{494A0491-B33F-4555-91EB-143853D98FA7}"
EndProject
Project("{2150E333-8FDC-42A3-9474-1A3956D46DE8}") = "01.Presentation", "01.Presentation", "{8F51AF06-1244-4135-8304-78F1EDB2299B}"
EndProject
Project("{2150E333-8FDC-42A3-9474-1A3956D46DE8}") = "02.Application", "02.Application", "{D9913642-4D4A-441F-97E8-F43A393A3637}"
EndProject
Project("{2150E333-8FDC-42A3-9474-1A3956D46DE8}") = "03.Domain", "03.Domain", "{72D28EF6-F2F3-4ECB-9D9E-87716F04D521}"
EndProject
Project("{2150E333-8FDC-42A3-9474-1A3956D46DE8}") = "04.Infrastructure", "04.Infrastructure", "{5D93EB73-49A9-4639-88F2-2762E7BDB1D6}"
EndProject
Project("{9A19103F-16F7-4668-BE54-9A1E7A4F7556}") = "Medit.PMS.Domain", "Medit.PMS.Domain\Medit.PMS.Domain.csproj", "{89E3DAE6-FFBD-49E6-9BDD-FFB6AFD433B8}"
EndProject
Project("{9A19103F-16F7-4668-BE54-9A1E7A4F7556}") = "Medit.PMS.EFCore", "Medit.PMS.EFCore\Medit.PMS.EFCore.csproj", "{6F13BCD0-AB00-40C6-B426-638E64C524C3}"
EndProject
Project("{9A19103F-16F7-4668-BE54-9A1E7A4F7556}") = "Medit.PMS.Web", "Medit.PMS.Web\Medit.PMS.Web.csproj", "{67176ECB-FD37-4919-9CDF-CBFCB662FD48}"
EndProject
Project("{9A19103F-16F7-4668-BE54-9A1E7A4F7556}") = "Medit.PMS.Application", "Medit.PMS.Application\Medit.PMS.Application.csproj", "{A2096359-E0BA-4FC1-B195-7C75559BF224}"
EndProject
Project("{FAE04EC0-301F-11D3-BF4B-00C04F79EFBC}") = "Medit.PMS.Utility", "Medit.PMS.Utility\Medit.PMS.Utility.csproj", "{64B8B8E4-ABDD-469E-AACD-03330AC8354C}"
EndProject
Global
	GlobalSection(SolutionConfigurationPlatforms) = preSolution
		Debug|Any CPU = Debug|Any CPU
		Release|Any CPU = Release|Any CPU
	EndGlobalSection
	GlobalSection(ProjectConfigurationPlatforms) = postSolution
		{89E3DAE6-FFBD-49E6-9BDD-FFB6AFD433B8}.Debug|Any CPU.ActiveCfg = Debug|Any CPU
		{89E3DAE6-FFBD-49E6-9BDD-FFB6AFD433B8}.Debug|Any CPU.Build.0 = Debug|Any CPU
		{89E3DAE6-FFBD-49E6-9BDD-FFB6AFD433B8}.Release|Any CPU.ActiveCfg = Release|Any CPU
		{89E3DAE6-FFBD-49E6-9BDD-FFB6AFD433B8}.Release|Any CPU.Build.0 = Release|Any CPU
		{6F13BCD0-AB00-40C6-B426-638E64C524C3}.Debug|Any CPU.ActiveCfg = Debug|Any CPU
		{6F13BCD0-AB00-40C6-B426-638E64C524C3}.Debug|Any CPU.Build.0 = Debug|Any CPU
		{6F13BCD0-AB00-40C6-B426-638E64C524C3}.Release|Any CPU.ActiveCfg = Release|Any CPU
		{6F13BCD0-AB00-40C6-B426-638E64C524C3}.Release|Any CPU.Build.0 = Release|Any CPU
		{67176ECB-FD37-4919-9CDF-CBFCB662FD48}.Debug|Any CPU.ActiveCfg = Debug|Any CPU
		{67176ECB-FD37-4919-9CDF-CBFCB662FD48}.Debug|Any CPU.Build.0 = Debug|Any CPU
		{67176ECB-FD37-4919-9CDF-CBFCB662FD48}.Release|Any CPU.ActiveCfg = Release|Any CPU
		{67176ECB-FD37-4919-9CDF-CBFCB662FD48}.Release|Any CPU.Build.0 = Release|Any CPU
		{A2096359-E0BA-4FC1-B195-7C75559BF224}.Debug|Any CPU.ActiveCfg = Debug|Any CPU
		{A2096359-E0BA-4FC1-B195-7C75559BF224}.Debug|Any CPU.Build.0 = Debug|Any CPU
		{A2096359-E0BA-4FC1-B195-7C75559BF224}.Release|Any CPU.ActiveCfg = Release|Any CPU
		{A2096359-E0BA-4FC1-B195-7C75559BF224}.Release|Any CPU.Build.0 = Release|Any CPU
		{64B8B8E4-ABDD-469E-AACD-03330AC8354C}.Debug|Any CPU.ActiveCfg = Debug|Any CPU
		{64B8B8E4-ABDD-469E-AACD-03330AC8354C}.Debug|Any CPU.Build.0 = Debug|Any CPU
		{64B8B8E4-ABDD-469E-AACD-03330AC8354C}.Release|Any CPU.ActiveCfg = Release|Any CPU
		{64B8B8E4-ABDD-469E-AACD-03330AC8354C}.Release|Any CPU.Build.0 = Release|Any CPU
	EndGlobalSection
	GlobalSection(SolutionProperties) = preSolution
		HideSolutionNode = FALSE
	EndGlobalSection
	GlobalSection(NestedProjects) = preSolution
		{8F51AF06-1244-4135-8304-78F1EDB2299B} = {494A0491-B33F-4555-91EB-143853D98FA7}
		{D9913642-4D4A-441F-97E8-F43A393A3637} = {494A0491-B33F-4555-91EB-143853D98FA7}
		{72D28EF6-F2F3-4ECB-9D9E-87716F04D521} = {494A0491-B33F-4555-91EB-143853D98FA7}
		{5D93EB73-49A9-4639-88F2-2762E7BDB1D6} = {494A0491-B33F-4555-91EB-143853D98FA7}
		{89E3DAE6-FFBD-49E6-9BDD-FFB6AFD433B8} = {72D28EF6-F2F3-4ECB-9D9E-87716F04D521}
		{6F13BCD0-AB00-40C6-B426-638E64C524C3} = {5D93EB73-49A9-4639-88F2-2762E7BDB1D6}
		{67176ECB-FD37-4919-9CDF-CBFCB662FD48} = {8F51AF06-1244-4135-8304-78F1EDB2299B}
		{A2096359-E0BA-4FC1-B195-7C75559BF224} = {D9913642-4D4A-441F-97E8-F43A393A3637}
		{64B8B8E4-ABDD-469E-AACD-03330AC8354C} = {5D93EB73-49A9-4639-88F2-2762E7BDB1D6}
	EndGlobalSection
	GlobalSection(ExtensibilityGlobals) = postSolution
		SolutionGuid = {7B601442-AE09-4978-9CBB-D8C09A1C3DAF}
	EndGlobalSection
EndGlobal
